<?xml version="1.0" encoding="utf-8"?>
<Project ToolsVersion="4.0" xmlns="http://schemas.microsoft.com/developer/msbuild/2003">
  <ItemGroup>
    <Filter Include="src">
      <UniqueIdentifier>{11ff1736-d0c3-4cec-bf2a-677dcccdc53c}</UniqueIdentifier>
    </Filter>
  </ItemGroup>
  <ItemGroup>
    <ClInclude Include="..\..\lib\include\mysql\field.h">
      <Filter>src</Filter>
    </ClInclude>
    <ClInclude Include="..\..\lib\include\mysql\fieldmanager.h">
      <Filter>src</Filter>
    </ClInclude>
  </ItemGroup>
  <ItemGroup>
    <ClCompile Include="..\..\lib\src\mysql\field.cpp">
      <Filter>src</Filter>
    </ClCompile>
    <ClCompile Include="..\..\lib\src\mysql\fieldmanager.cpp">
      <Filter>src</Filter>
    </ClCompile>
  </ItemGroup>
</Project>