<?xml version="1.0" encoding="utf-8"?>
<Project ToolsVersion="4.0" xmlns="http://schemas.microsoft.com/developer/msbuild/2003">
  <ItemGroup>
    <ClCompile Include="..\..\LibSrc\datastructure\memorylist.cpp" />
    <ClCompile Include="..\..\LibSrc\datastructure\circlequeue.cpp" />
    <ClCompile Include="..\..\LibSrc\datastructure\vector2d.cpp" />
    <ClCompile Include="..\..\LibSrc\datastructure\gamevector.cpp" />
    <ClCompile Include="..\..\LibSrc\datastructure\gamepoolvector.cpp" />
    <ClCompile Include="..\..\LibSrc\datastructure\inthashlist.cpp" />
    <ClCompile Include="..\..\LibSrc\datastructure\socketqueue.cpp" />
  </ItemGroup>
  <ItemGroup>
    <ClInclude Include="..\..\common\libheader\libdatastructure.h" />
    <ClInclude Include="..\..\LibSrc\datastructure\memorylist.h" />
    <ClInclude Include="..\..\LibSrc\datastructure\vector2d.h" />
    <ClInclude Include="..\..\LibSrc\datastructure\gamevector.h" />
    <ClInclude Include="..\..\LibSrc\datastructure\gamepoolvector.h" />
    <ClInclude Include="..\..\LibSrc\datastructure\inthashlist.h" />
    <ClInclude Include="..\..\LibSrc\datastructure\socketqueue.h" />
    <ClInclude Include="..\..\LibSrc\datastructure\circlequeue.h" />
  </ItemGroup>
</Project>