<?xml version="1.0" encoding="utf-8"?>
<Project ToolsVersion="4.0" xmlns="http://schemas.microsoft.com/developer/msbuild/2003">
  <ItemGroup>
    <Filter Include="src">
      <UniqueIdentifier>{5ed41311-b4ce-4593-96e0-5241e691bba7}</UniqueIdentifier>
    </Filter>
  </ItemGroup>
  <ItemGroup>
    <ClInclude Include="..\..\lib\include\behavior\composite\selector.h" />
    <ClInclude Include="..\..\lib\include\behavior\node.h" />
    <ClInclude Include="..\..\lib\include\behavior\blackboard.h" />
    <ClInclude Include="..\..\lib\include\behavior\behaviortree.h" />
  </ItemGroup>
  <ItemGroup>
    <ClCompile Include="..\..\lib\src\behavior\composite\selector.cpp" />
  </ItemGroup>
</Project>