<?xml version="1.0" encoding="utf-8"?>
<Project ToolsVersion="4.0" xmlns="http://schemas.microsoft.com/developer/msbuild/2003">
  <ItemGroup>
    <ClCompile Include="..\..\lib\src\frame\frame.cpp">
      <Filter>src</Filter>
    </ClCompile>
    <ClCompile Include="..\..\lib\src\frame\netmanager.cpp">
      <Filter>src</Filter>
    </ClCompile>
    <ClCompile Include="..\..\lib\src\frame\netuser.cpp">
      <Filter>src</Filter>
    </ClCompile>
    <ClCompile Include="..\..\lib\src\frame\bufmanager.cpp">
      <Filter>src</Filter>
    </ClCompile>
    <ClCompile Include="..\..\lib\src\frame\netcommon.cpp">
      <Filter>src</Filter>
    </ClCompile>
    <ClCompile Include="..\..\lib\src\frame\message.cpp">
      <Filter>src</Filter>
    </ClCompile>
    <ClCompile Include="..\..\lib\src\frame\websocket\base64.cpp">
      <Filter>src\websocket</Filter>
    </ClCompile>
    <ClCompile Include="..\..\lib\src\frame\websocket\dataframeheader.cpp">
      <Filter>src\websocket</Filter>
    </ClCompile>
    <ClCompile Include="..\..\lib\src\frame\websocket\sha1.cpp">
      <Filter>src\websocket</Filter>
    </ClCompile>
    <ClCompile Include="..\..\lib\src\frame\accepter.cpp">
      <Filter>src</Filter>
    </ClCompile>
    <ClCompile Include="..\..\lib\src\frame\listener.cpp">
      <Filter>src</Filter>
    </ClCompile>
    <ClCompile Include="..\..\lib\src\frame\nethandler.cpp">
      <Filter>src</Filter>
    </ClCompile>
    <ClCompile Include="..\..\lib\src\frame\webaccepter.cpp">
      <Filter>src</Filter>
    </ClCompile>
    <ClCompile Include="..\..\lib\src\frame\handshaker.cpp">
      <Filter>src</Filter>
    </ClCompile>
    <ClCompile Include="..\..\lib\src\frame\weblistener.cpp">
      <Filter>src</Filter>
    </ClCompile>
    <ClCompile Include="..\..\lib\src\frame\baselistener.cpp">
      <Filter>src</Filter>
    </ClCompile>
    <ClCompile Include="..\..\lib\src\frame\msgproxy.cpp">
      <Filter>src</Filter>
    </ClCompile>
  </ItemGroup>
  <ItemGroup>
    <Filter Include="src">
      <UniqueIdentifier>{6cd785b5-210b-437b-be51-930ff4e433c2}</UniqueIdentifier>
    </Filter>
    <Filter Include="src\websocket">
      <UniqueIdentifier>{39195010-0a81-452f-a569-fe3eedcf854d}</UniqueIdentifier>
    </Filter>
  </ItemGroup>
  <ItemGroup>
    <ClInclude Include="..\..\lib\include\frame\frame.h">
      <Filter>src</Filter>
    </ClInclude>
    <ClInclude Include="..\..\lib\include\frame\netmanager.h">
      <Filter>src</Filter>
    </ClInclude>
    <ClInclude Include="..\..\lib\include\frame\netuser.h">
      <Filter>src</Filter>
    </ClInclude>
    <ClInclude Include="..\..\lib\include\frame\bufmanager.h">
      <Filter>src</Filter>
    </ClInclude>
    <ClInclude Include="..\..\lib\include\frame\netcommon.h">
      <Filter>src</Filter>
    </ClInclude>
    <ClInclude Include="..\..\lib\include\frame\message.h">
      <Filter>src</Filter>
    </ClInclude>
    <ClInclude Include="..\..\lib\include\frame\websocket\base64.h">
      <Filter>src\websocket</Filter>
    </ClInclude>
    <ClInclude Include="..\..\lib\include\frame\websocket\dataframeheader.h">
      <Filter>src\websocket</Filter>
    </ClInclude>
    <ClInclude Include="..\..\lib\include\frame\websocket\sha1.h">
      <Filter>src\websocket</Filter>
    </ClInclude>
    <ClInclude Include="..\..\lib\include\frame\accepter.h">
      <Filter>src</Filter>
    </ClInclude>
    <ClInclude Include="..\..\lib\include\frame\listener.h">
      <Filter>src</Filter>
    </ClInclude>
    <ClInclude Include="..\..\lib\include\frame\nethandler.h">
      <Filter>src</Filter>
    </ClInclude>
    <ClInclude Include="..\..\lib\include\frame\handshaker.h">
      <Filter>src</Filter>
    </ClInclude>
    <ClInclude Include="..\..\lib\include\frame\weblistener.h">
      <Filter>src</Filter>
    </ClInclude>
    <ClInclude Include="..\..\lib\include\frame\webaccepter.h">
      <Filter>src</Filter>
    </ClInclude>
    <ClInclude Include="..\..\lib\include\frame\baselistener.h">
      <Filter>src</Filter>
    </ClInclude>
    <ClInclude Include="..\..\lib\include\frame\msgcallback.h">
      <Filter>src</Filter>
    </ClInclude>
    <ClInclude Include="..\..\lib\include\frame\msgproxy.h">
      <Filter>src</Filter>
    </ClInclude>
  </ItemGroup>
</Project>