<?xml version="1.0" encoding="utf-8"?>
<Project ToolsVersion="4.0" xmlns="http://schemas.microsoft.com/developer/msbuild/2003">
  <ItemGroup>
    <Filter Include="src">
      <UniqueIdentifier>{91f0691d-1871-478b-9edc-68971b6f41b9}</UniqueIdentifier>
    </Filter>
  </ItemGroup>
  <ItemGroup>
    <ClInclude Include="..\..\lib\include\websocket\websocket.h">
      <Filter>src</Filter>
    </ClInclude>
    <ClInclude Include="..\..\lib\include\websocket\sha1.h">
      <Filter>src</Filter>
    </ClInclude>
    <ClInclude Include="..\..\lib\include\websocket\stdint.h">
      <Filter>src</Filter>
    </ClInclude>
    <ClInclude Include="..\..\lib\include\websocket\base64.h">
      <Filter>src</Filter>
    </ClInclude>
    <ClInclude Include="..\..\lib\include\websocket\dataframeheader.h">
      <Filter>src</Filter>
    </ClInclude>
    <ClInclude Include="..\..\lib\include\websocket\sendframe.h">
      <Filter>src</Filter>
    </ClInclude>
    <ClInclude Include="..\..\lib\include\websocket\recvframe.h">
      <Filter>src</Filter>
    </ClInclude>
  </ItemGroup>
  <ItemGroup>
    <ClCompile Include="..\..\lib\src\websocket\websocket.cpp">
      <Filter>src</Filter>
    </ClCompile>
    <ClCompile Include="..\..\lib\src\websocket\sha1.cpp">
      <Filter>src</Filter>
    </ClCompile>
    <ClCompile Include="..\..\lib\src\websocket\base64.cpp">
      <Filter>src</Filter>
    </ClCompile>
    <ClCompile Include="..\..\lib\src\websocket\dataframeheader.cpp">
      <Filter>src</Filter>
    </ClCompile>
    <ClCompile Include="..\..\lib\src\websocket\sendframe.cpp">
      <Filter>src</Filter>
    </ClCompile>
    <ClCompile Include="..\..\lib\src\websocket\recvframe.cpp">
      <Filter>src</Filter>
    </ClCompile>
  </ItemGroup>
</Project>