<?xml version="1.0" encoding="utf-8"?>
<Project ToolsVersion="4.0" xmlns="http://schemas.microsoft.com/developer/msbuild/2003">
  <ItemGroup>
    <Filter Include="main">
      <UniqueIdentifier>{09468cc7-70ad-442b-9a9f-3327b652a245}</UniqueIdentifier>
    </Filter>
    <Filter Include="net">
      <UniqueIdentifier>{5967ef72-c01c-480c-9556-a77852fbb94b}</UniqueIdentifier>
    </Filter>
    <Filter Include="proto">
      <UniqueIdentifier>{0fcda75d-1f22-4efd-b38d-eb1c8cc5c53f}</UniqueIdentifier>
    </Filter>
  </ItemGroup>
  <ItemGroup>
    <ClCompile Include="..\CenterServer\main\center.cpp">
      <Filter>main</Filter>
    </ClCompile>
    <ClCompile Include="..\CenterServer\main\main.cpp">
      <Filter>main</Filter>
    </ClCompile>
    <ClCompile Include="..\CenterServer\net\callback.cpp">
      <Filter>net</Filter>
    </ClCompile>
    <ClCompile Include="..\CenterServer\net\netthread.cpp">
      <Filter>net</Filter>
    </ClCompile>
    <ClCompile Include="..\CenterServer\net\router.cpp">
      <Filter>net</Filter>
    </ClCompile>
  </ItemGroup>
  <ItemGroup>
    <ClInclude Include="..\CenterServer\main\center.h">
      <Filter>main</Filter>
    </ClInclude>
    <ClInclude Include="..\CenterServer\net\callback.h">
      <Filter>net</Filter>
    </ClInclude>
    <ClInclude Include="..\CenterServer\net\netthread.h">
      <Filter>net</Filter>
    </ClInclude>
    <ClInclude Include="..\protocol\innermsgid.h">
      <Filter>proto</Filter>
    </ClInclude>
    <ClInclude Include="..\CenterServer\net\router.h">
      <Filter>net</Filter>
    </ClInclude>
  </ItemGroup>
</Project>