<?xml version="1.0" encoding="utf-8"?>
<Project ToolsVersion="4.0" xmlns="http://schemas.microsoft.com/developer/msbuild/2003">
  <ItemGroup>
    <Filter Include="frame">
      <UniqueIdentifier>{0e9d4ec8-c143-48dd-9fa4-815140f69d4f}</UniqueIdentifier>
    </Filter>
    <Filter Include="db">
      <UniqueIdentifier>{0681564c-c691-4667-9604-c5506eb3f12c}</UniqueIdentifier>
    </Filter>
    <Filter Include="net">
      <UniqueIdentifier>{07d01f16-e03c-4523-830c-7d995e9c6198}</UniqueIdentifier>
    </Filter>
    <Filter Include="proto">
      <UniqueIdentifier>{ce220b58-243c-4a61-8dcc-c3deca69658b}</UniqueIdentifier>
    </Filter>
  </ItemGroup>
  <ItemGroup>
    <ClInclude Include="..\protocol\innerproto.h">
      <Filter>proto</Filter>
    </ClInclude>
    <ClInclude Include="..\CenterServer\db\dbthread.h">
      <Filter>db</Filter>
    </ClInclude>
    <ClInclude Include="..\CenterServer\main\center.h">
      <Filter>frame</Filter>
    </ClInclude>
    <ClInclude Include="..\CenterServer\net\callback.h">
      <Filter>net</Filter>
    </ClInclude>
    <ClInclude Include="..\CenterServer\net\netthread.h">
      <Filter>net</Filter>
    </ClInclude>
    <ClInclude Include="..\CenterServer\net\router.h">
      <Filter>net</Filter>
    </ClInclude>
  </ItemGroup>
  <ItemGroup>
    <ClCompile Include="..\CenterServer\db\dbthread.cpp">
      <Filter>db</Filter>
    </ClCompile>
    <ClCompile Include="..\CenterServer\main\center.cpp">
      <Filter>frame</Filter>
    </ClCompile>
    <ClCompile Include="..\CenterServer\main\main.cpp">
      <Filter>frame</Filter>
    </ClCompile>
    <ClCompile Include="..\CenterServer\net\callback.cpp">
      <Filter>net</Filter>
    </ClCompile>
    <ClCompile Include="..\CenterServer\net\netthread.cpp">
      <Filter>net</Filter>
    </ClCompile>
    <ClCompile Include="..\CenterServer\net\router.cpp">
      <Filter>net</Filter>
    </ClCompile>
  </ItemGroup>
</Project>