<?xml version="1.0" encoding="utf-8"?>
<Project ToolsVersion="4.0" xmlns="http://schemas.microsoft.com/developer/msbuild/2003">
  <ItemGroup>
    <Filter Include="frame">
      <UniqueIdentifier>{252a04bf-b675-4308-ae9e-00152a1f1431}</UniqueIdentifier>
    </Filter>
    <Filter Include="common">
      <UniqueIdentifier>{2350edbf-189b-4aae-8150-056038421dff}</UniqueIdentifier>
    </Filter>
  </ItemGroup>
  <ItemGroup>
    <ClCompile Include="..\ChatServer\frame\main.cpp">
      <Filter>frame</Filter>
    </ClCompile>
  </ItemGroup>
</Project>