<?xml version="1.0" encoding="utf-8"?>
<Project ToolsVersion="4.0" xmlns="http://schemas.microsoft.com/developer/msbuild/2003">
  <ItemGroup>
    <Filter Include="database">
      <UniqueIdentifier>{0bb06829-4593-4d54-b839-6251a4e06ffb}</UniqueIdentifier>
    </Filter>
    <Filter Include="table">
      <UniqueIdentifier>{d00c776c-69bb-45a3-af4a-882519365792}</UniqueIdentifier>
    </Filter>
    <Filter Include="commom">
      <UniqueIdentifier>{38b3e711-d230-4581-816a-3ccbef76036d}</UniqueIdentifier>
    </Filter>
    <Filter Include="commom\protocol">
      <UniqueIdentifier>{7798f18b-cafd-4e5a-b61a-118c6122fc5b}</UniqueIdentifier>
    </Filter>
    <Filter Include="frame">
      <UniqueIdentifier>{238d258e-5051-4aeb-bd9e-7b358383b15c}</UniqueIdentifier>
    </Filter>
    <Filter Include="protocol">
      <UniqueIdentifier>{5c8dc259-9f64-4036-b550-290dd7a7c9de}</UniqueIdentifier>
    </Filter>
    <Filter Include="cache">
      <UniqueIdentifier>{0383b3a6-6a8a-4f54-8189-ca070b3ce4d3}</UniqueIdentifier>
    </Filter>
    <Filter Include="message">
      <UniqueIdentifier>{31be55f7-097e-45a4-8c2a-f215522732cd}</UniqueIdentifier>
    </Filter>
  </ItemGroup>
  <ItemGroup>
    <ClCompile Include="..\DataServer\table\datatable.cpp">
      <Filter>table</Filter>
    </ClCompile>
    <ClCompile Include="..\DataServer\table\datatablestmt.cpp">
      <Filter>table</Filter>
    </ClCompile>
    <ClCompile Include="..\DataServer\table\tb_login.cpp">
      <Filter>table</Filter>
    </ClCompile>
    <ClCompile Include="..\DataServer\frame\databaseframe.cpp">
      <Filter>frame</Filter>
    </ClCompile>
    <ClCompile Include="..\DataServer\frame\main.cpp">
      <Filter>frame</Filter>
    </ClCompile>
    <ClCompile Include="..\DataServer\database\database.cpp">
      <Filter>database</Filter>
    </ClCompile>
    <ClCompile Include="..\common\commonfunction.cpp">
      <Filter>commom</Filter>
    </ClCompile>
    <ClCompile Include="..\DataServer\message\messagehandler.cpp">
      <Filter>message</Filter>
    </ClCompile>
    <ClCompile Include="..\DataServer\database\tablebase.cpp">
      <Filter>database</Filter>
    </ClCompile>
    <ClCompile Include="..\DataServer\cache\datamapmanager.cpp">
      <Filter>cache</Filter>
    </ClCompile>
    <ClCompile Include="..\DataServer\table\tabledefine.cpp">
      <Filter>table</Filter>
    </ClCompile>
  </ItemGroup>
  <ItemGroup>
    <ClInclude Include="..\DataServer\database\database.h">
      <Filter>database</Filter>
    </ClInclude>
    <ClInclude Include="..\DataServer\table\datatable.h">
      <Filter>table</Filter>
    </ClInclude>
    <ClInclude Include="..\DataServer\table\datatablestmt.h">
      <Filter>table</Filter>
    </ClInclude>
    <ClInclude Include="..\DataServer\table\tb_login.h">
      <Filter>table</Filter>
    </ClInclude>
    <ClInclude Include="..\common\protocol\internaltype.h">
      <Filter>commom\protocol</Filter>
    </ClInclude>
    <ClInclude Include="..\common\protocol\l_dbprotocol.h">
      <Filter>commom\protocol</Filter>
    </ClInclude>
    <ClInclude Include="..\common\protocol\messageheader.h">
      <Filter>commom\protocol</Filter>
    </ClInclude>
    <ClInclude Include="..\DataServer\frame\databaseframe.h">
      <Filter>frame</Filter>
    </ClInclude>
    <ClInclude Include="..\common\commonfunction.h">
      <Filter>commom</Filter>
    </ClInclude>
    <ClInclude Include="..\DataServer\message\messagehandler.h">
      <Filter>message</Filter>
    </ClInclude>
    <ClInclude Include="..\DataServer\message\msgtype.h">
      <Filter>message</Filter>
    </ClInclude>
    <ClInclude Include="..\DataServer\database\tableid.h">
      <Filter>database</Filter>
    </ClInclude>
    <ClInclude Include="..\DataServer\database\tablebase.h">
      <Filter>database</Filter>
    </ClInclude>
    <ClInclude Include="..\DataServer\cache\datamapmanager.h">
      <Filter>cache</Filter>
    </ClInclude>
    <ClInclude Include="..\DataServer\table\tabledefine.h">
      <Filter>table</Filter>
    </ClInclude>
  </ItemGroup>
</Project>