<?xml version="1.0" encoding="utf-8"?>
<Project ToolsVersion="4.0" xmlns="http://schemas.microsoft.com/developer/msbuild/2003">
  <ItemGroup>
    <Filter Include="frame">
      <UniqueIdentifier>{0e9d4ec8-c143-48dd-9fa4-815140f69d4f}</UniqueIdentifier>
    </Filter>
    <Filter Include="db">
      <UniqueIdentifier>{0681564c-c691-4667-9604-c5506eb3f12c}</UniqueIdentifier>
    </Filter>
    <Filter Include="log">
      <UniqueIdentifier>{61bb937e-c1f2-4ebe-9daa-12be14232e5f}</UniqueIdentifier>
    </Filter>
    <Filter Include="scene">
      <UniqueIdentifier>{84984243-ac98-46d7-a6dc-bd4211da3211}</UniqueIdentifier>
    </Filter>
    <Filter Include="global">
      <UniqueIdentifier>{b581c33c-8d4b-47fb-9156-0a5d688e391f}</UniqueIdentifier>
    </Filter>
    <Filter Include="db\module">
      <UniqueIdentifier>{a44c4a3b-70c6-42c8-a73b-ad17538dc446}</UniqueIdentifier>
    </Filter>
    <Filter Include="protocol">
      <UniqueIdentifier>{ce220b58-243c-4a61-8dcc-c3deca69658b}</UniqueIdentifier>
    </Filter>
    <Filter Include="db\module\role">
      <UniqueIdentifier>{e996d611-7871-49be-b5ec-13206f41504f}</UniqueIdentifier>
    </Filter>
    <Filter Include="scene\obj">
      <UniqueIdentifier>{93e6083e-b390-4c97-8589-0973afda054e}</UniqueIdentifier>
    </Filter>
  </ItemGroup>
  <ItemGroup>
    <ClCompile Include="..\GameServer\db\dbthread.cpp">
      <Filter>db</Filter>
    </ClCompile>
    <ClCompile Include="..\GameServer\frame\game.cpp">
      <Filter>frame</Filter>
    </ClCompile>
    <ClCompile Include="..\GameServer\scene\scenemanager.cpp">
      <Filter>scene</Filter>
    </ClCompile>
    <ClCompile Include="..\GameServer\global\global.cpp">
      <Filter>global</Filter>
    </ClCompile>
    <ClCompile Include="..\GameServer\db\dbmanager.cpp">
      <Filter>db</Filter>
    </ClCompile>
    <ClCompile Include="..\GameServer\db\module\role\test.cpp">
      <Filter>db\module\role</Filter>
    </ClCompile>
    <ClCompile Include="..\GameServer\scene\obj\obj.cpp">
      <Filter>scene\obj</Filter>
    </ClCompile>
    <ClCompile Include="..\GameServer\scene\obj\objmanager.cpp">
      <Filter>scene\obj</Filter>
    </ClCompile>
    <ClCompile Include="..\GameServer\scene\obj\role.cpp">
      <Filter>scene\obj</Filter>
    </ClCompile>
    <ClCompile Include="..\GameServer\frame\messagehandler.cpp">
      <Filter>frame</Filter>
    </ClCompile>
    <ClCompile Include="..\GameServer\global\temprole.cpp">
      <Filter>global</Filter>
    </ClCompile>
    <ClCompile Include="..\GameServer\global\rolecache.cpp">
      <Filter>global</Filter>
    </ClCompile>
  </ItemGroup>
  <ItemGroup>
    <ClInclude Include="..\GameServer\define.h" />
    <ClInclude Include="..\GameServer\db\dbthread.h">
      <Filter>db</Filter>
    </ClInclude>
    <ClInclude Include="..\GameServer\frame\game.h">
      <Filter>frame</Filter>
    </ClInclude>
    <ClInclude Include="..\GameServer\log\loghandler.h">
      <Filter>log</Filter>
    </ClInclude>
    <ClInclude Include="..\GameServer\log\loggold.h">
      <Filter>log</Filter>
    </ClInclude>
    <ClInclude Include="..\GameServer\log\logonline.h">
      <Filter>log</Filter>
    </ClInclude>
    <ClInclude Include="..\GameServer\scene\scenemanager.h">
      <Filter>scene</Filter>
    </ClInclude>
    <ClInclude Include="..\GameServer\global\global.h">
      <Filter>global</Filter>
    </ClInclude>
    <ClInclude Include="..\GameServer\db\dbmanager.h">
      <Filter>db</Filter>
    </ClInclude>
    <ClInclude Include="..\GameServer\protocol\proto.h">
      <Filter>protocol</Filter>
    </ClInclude>
    <ClInclude Include="..\GameServer\db\module\role\test.h">
      <Filter>db\module\role</Filter>
    </ClInclude>
    <ClInclude Include="..\GameServer\db\module\rolemodule.h">
      <Filter>db\module</Filter>
    </ClInclude>
    <ClInclude Include="..\GameServer\scene\obj\obj.h">
      <Filter>scene\obj</Filter>
    </ClInclude>
    <ClInclude Include="..\GameServer\scene\obj\objmanager.h">
      <Filter>scene\obj</Filter>
    </ClInclude>
    <ClInclude Include="..\GameServer\scene\obj\role.h">
      <Filter>scene\obj</Filter>
    </ClInclude>
    <ClInclude Include="..\GameServer\frame\messagehandler.h">
      <Filter>frame</Filter>
    </ClInclude>
    <ClInclude Include="..\GameServer\frame\netproto.h">
      <Filter>frame</Filter>
    </ClInclude>
    <ClInclude Include="..\GameServer\global\temprole.h">
      <Filter>global</Filter>
    </ClInclude>
    <ClInclude Include="..\GameServer\global\rolecache.h">
      <Filter>global</Filter>
    </ClInclude>
  </ItemGroup>
</Project>