
Microsoft Visual Studio Solution File, Format Version 12.00
# Visual Studio 2013
VisualStudioVersion = 12.0.21005.1
MinimumVisualStudioVersion = 10.0.40219.1
Project("{8BC9CEB8-8B4A-11D0-8D11-00A0C91BC942}") = "GameServer", "GameServer.vcxproj", "{59026FCA-FACA-41DB-8F0C-467D86896259}"
EndProject
Project("{2150E333-8FDC-42A3-9474-1A3956D46DE8}") = "lib", "lib", "{8EFF0858-A371-4E72-B4A7-D3612AFE62C9}"
EndProject
Project("{8BC9CEB8-8B4A-11D0-8D11-00A0C91BC942}") = "TimeManager", "..\LibProject\TimeManager\TimeManager.vcxproj", "{5139A6B2-A866-41DA-AD06-A64561BC2383}"
EndProject
Project("{8BC9CEB8-8B4A-11D0-8D11-00A0C91BC942}") = "Test", "Test.vcxproj", "{D76E6232-3941-44C4-A538-E214C3A82FE7}"
EndProject
Project("{8BC9CEB8-8B4A-11D0-8D11-00A0C91BC942}") = "Frame", "..\LibProject\Frame\Frame.vcxproj", "{55622656-EDAF-46C0-B360-7A6671FD941D}"
EndProject
Project("{8BC9CEB8-8B4A-11D0-8D11-00A0C91BC942}") = "Common", "..\LibProject\Common\common.vcxproj", "{8F0F74CF-3672-4629-98D4-322BA0ACFC7B}"
EndProject
Project("{8BC9CEB8-8B4A-11D0-8D11-00A0C91BC942}") = "GuiMi", "GuiMi.vcxproj", "{489A5C4F-5166-4669-A5C1-4DB82AFC0C39}"
EndProject
Project("{8BC9CEB8-8B4A-11D0-8D11-00A0C91BC942}") = "Thread", "..\LibProject\Thread\Thread.vcxproj", "{4FAB63CA-EF8C-4EB8-9E4E-3EAA40C6E58E}"
EndProject
Project("{8BC9CEB8-8B4A-11D0-8D11-00A0C91BC942}") = "Chat", "..\LibProject\Chat\Chat.vcxproj", "{4D0804D6-3CBA-4960-9236-725DCA73FD8F}"
EndProject
Project("{8BC9CEB8-8B4A-11D0-8D11-00A0C91BC942}") = "CenterServer", "CenterServer.vcxproj", "{13E3CF0C-3C15-4407-8DA4-FCDD6ECAF894}"
EndProject
Project("{2150E333-8FDC-42A3-9474-1A3956D46DE8}") = "protocol", "protocol", "{4E6B16E6-79F5-4CE1-8215-C6598FDAA559}"
EndProject
Project("{8BC9CEB8-8B4A-11D0-8D11-00A0C91BC942}") = "GatewayServer", "GatewayServer.vcxproj", "{C4E1D6D4-AE0F-4E11-BA6D-97D77696D973}"
EndProject
Project("{8BC9CEB8-8B4A-11D0-8D11-00A0C91BC942}") = "Math", "..\LibProject\Math\Math.vcxproj", "{B1B3BE4E-F793-4188-B54C-BF47549EE59E}"
EndProject
Global
	GlobalSection(SolutionConfigurationPlatforms) = preSolution
		Debug|Mixed Platforms = Debug|Mixed Platforms
		Debug|Win32 = Debug|Win32
		Debug|x64 = Debug|x64
		Release|Mixed Platforms = Release|Mixed Platforms
		Release|Win32 = Release|Win32
		Release|x64 = Release|x64
	EndGlobalSection
	GlobalSection(ProjectConfigurationPlatforms) = postSolution
		{59026FCA-FACA-41DB-8F0C-467D86896259}.Debug|Mixed Platforms.ActiveCfg = Debug|Win32
		{59026FCA-FACA-41DB-8F0C-467D86896259}.Debug|Mixed Platforms.Build.0 = Debug|Win32
		{59026FCA-FACA-41DB-8F0C-467D86896259}.Debug|Win32.ActiveCfg = Debug|Win32
		{59026FCA-FACA-41DB-8F0C-467D86896259}.Debug|Win32.Build.0 = Debug|Win32
		{59026FCA-FACA-41DB-8F0C-467D86896259}.Debug|x64.ActiveCfg = Debug|Win32
		{59026FCA-FACA-41DB-8F0C-467D86896259}.Release|Mixed Platforms.ActiveCfg = Release|Win32
		{59026FCA-FACA-41DB-8F0C-467D86896259}.Release|Mixed Platforms.Build.0 = Release|Win32
		{59026FCA-FACA-41DB-8F0C-467D86896259}.Release|Win32.ActiveCfg = Release|Win32
		{59026FCA-FACA-41DB-8F0C-467D86896259}.Release|Win32.Build.0 = Release|Win32
		{59026FCA-FACA-41DB-8F0C-467D86896259}.Release|x64.ActiveCfg = Release|Win32
		{5139A6B2-A866-41DA-AD06-A64561BC2383}.Debug|Mixed Platforms.ActiveCfg = Debug|Win32
		{5139A6B2-A866-41DA-AD06-A64561BC2383}.Debug|Mixed Platforms.Build.0 = Debug|Win32
		{5139A6B2-A866-41DA-AD06-A64561BC2383}.Debug|Win32.ActiveCfg = Debug|Win32
		{5139A6B2-A866-41DA-AD06-A64561BC2383}.Debug|Win32.Build.0 = Debug|Win32
		{5139A6B2-A866-41DA-AD06-A64561BC2383}.Debug|x64.ActiveCfg = Debug|Win32
		{5139A6B2-A866-41DA-AD06-A64561BC2383}.Release|Mixed Platforms.ActiveCfg = Release|Win32
		{5139A6B2-A866-41DA-AD06-A64561BC2383}.Release|Mixed Platforms.Build.0 = Release|Win32
		{5139A6B2-A866-41DA-AD06-A64561BC2383}.Release|Win32.ActiveCfg = Release|Win32
		{5139A6B2-A866-41DA-AD06-A64561BC2383}.Release|Win32.Build.0 = Release|Win32
		{5139A6B2-A866-41DA-AD06-A64561BC2383}.Release|x64.ActiveCfg = Release|Win32
		{D76E6232-3941-44C4-A538-E214C3A82FE7}.Debug|Mixed Platforms.ActiveCfg = Debug|Win32
		{D76E6232-3941-44C4-A538-E214C3A82FE7}.Debug|Mixed Platforms.Build.0 = Debug|Win32
		{D76E6232-3941-44C4-A538-E214C3A82FE7}.Debug|Win32.ActiveCfg = Debug|Win32
		{D76E6232-3941-44C4-A538-E214C3A82FE7}.Debug|Win32.Build.0 = Debug|Win32
		{D76E6232-3941-44C4-A538-E214C3A82FE7}.Debug|x64.ActiveCfg = Debug|Win32
		{D76E6232-3941-44C4-A538-E214C3A82FE7}.Release|Mixed Platforms.ActiveCfg = Release|Win32
		{D76E6232-3941-44C4-A538-E214C3A82FE7}.Release|Mixed Platforms.Build.0 = Release|Win32
		{D76E6232-3941-44C4-A538-E214C3A82FE7}.Release|Win32.ActiveCfg = Release|Win32
		{D76E6232-3941-44C4-A538-E214C3A82FE7}.Release|Win32.Build.0 = Release|Win32
		{D76E6232-3941-44C4-A538-E214C3A82FE7}.Release|x64.ActiveCfg = Release|Win32
		{55622656-EDAF-46C0-B360-7A6671FD941D}.Debug|Mixed Platforms.ActiveCfg = Debug|Win32
		{55622656-EDAF-46C0-B360-7A6671FD941D}.Debug|Mixed Platforms.Build.0 = Debug|Win32
		{55622656-EDAF-46C0-B360-7A6671FD941D}.Debug|Win32.ActiveCfg = Debug|Win32
		{55622656-EDAF-46C0-B360-7A6671FD941D}.Debug|Win32.Build.0 = Debug|Win32
		{55622656-EDAF-46C0-B360-7A6671FD941D}.Debug|x64.ActiveCfg = Debug|Win32
		{55622656-EDAF-46C0-B360-7A6671FD941D}.Release|Mixed Platforms.ActiveCfg = Release|Win32
		{55622656-EDAF-46C0-B360-7A6671FD941D}.Release|Mixed Platforms.Build.0 = Release|Win32
		{55622656-EDAF-46C0-B360-7A6671FD941D}.Release|Win32.ActiveCfg = Release|Win32
		{55622656-EDAF-46C0-B360-7A6671FD941D}.Release|Win32.Build.0 = Release|Win32
		{55622656-EDAF-46C0-B360-7A6671FD941D}.Release|x64.ActiveCfg = Release|Win32
		{8F0F74CF-3672-4629-98D4-322BA0ACFC7B}.Debug|Mixed Platforms.ActiveCfg = Debug|Win32
		{8F0F74CF-3672-4629-98D4-322BA0ACFC7B}.Debug|Mixed Platforms.Build.0 = Debug|Win32
		{8F0F74CF-3672-4629-98D4-322BA0ACFC7B}.Debug|Win32.ActiveCfg = Debug|Win32
		{8F0F74CF-3672-4629-98D4-322BA0ACFC7B}.Debug|Win32.Build.0 = Debug|Win32
		{8F0F74CF-3672-4629-98D4-322BA0ACFC7B}.Debug|x64.ActiveCfg = Debug|Win32
		{8F0F74CF-3672-4629-98D4-322BA0ACFC7B}.Release|Mixed Platforms.ActiveCfg = Release|Win32
		{8F0F74CF-3672-4629-98D4-322BA0ACFC7B}.Release|Mixed Platforms.Build.0 = Release|Win32
		{8F0F74CF-3672-4629-98D4-322BA0ACFC7B}.Release|Win32.ActiveCfg = Release|Win32
		{8F0F74CF-3672-4629-98D4-322BA0ACFC7B}.Release|Win32.Build.0 = Release|Win32
		{8F0F74CF-3672-4629-98D4-322BA0ACFC7B}.Release|x64.ActiveCfg = Release|Win32
		{489A5C4F-5166-4669-A5C1-4DB82AFC0C39}.Debug|Mixed Platforms.ActiveCfg = Debug|Win32
		{489A5C4F-5166-4669-A5C1-4DB82AFC0C39}.Debug|Mixed Platforms.Build.0 = Debug|Win32
		{489A5C4F-5166-4669-A5C1-4DB82AFC0C39}.Debug|Win32.ActiveCfg = Debug|Win32
		{489A5C4F-5166-4669-A5C1-4DB82AFC0C39}.Debug|Win32.Build.0 = Debug|Win32
		{489A5C4F-5166-4669-A5C1-4DB82AFC0C39}.Debug|x64.ActiveCfg = Debug|Win32
		{489A5C4F-5166-4669-A5C1-4DB82AFC0C39}.Release|Mixed Platforms.ActiveCfg = Release|Win32
		{489A5C4F-5166-4669-A5C1-4DB82AFC0C39}.Release|Mixed Platforms.Build.0 = Release|Win32
		{489A5C4F-5166-4669-A5C1-4DB82AFC0C39}.Release|Win32.ActiveCfg = Release|Win32
		{489A5C4F-5166-4669-A5C1-4DB82AFC0C39}.Release|Win32.Build.0 = Release|Win32
		{489A5C4F-5166-4669-A5C1-4DB82AFC0C39}.Release|x64.ActiveCfg = Release|Win32
		{4FAB63CA-EF8C-4EB8-9E4E-3EAA40C6E58E}.Debug|Mixed Platforms.ActiveCfg = Debug|Win32
		{4FAB63CA-EF8C-4EB8-9E4E-3EAA40C6E58E}.Debug|Mixed Platforms.Build.0 = Debug|Win32
		{4FAB63CA-EF8C-4EB8-9E4E-3EAA40C6E58E}.Debug|Win32.ActiveCfg = Debug|Win32
		{4FAB63CA-EF8C-4EB8-9E4E-3EAA40C6E58E}.Debug|Win32.Build.0 = Debug|Win32
		{4FAB63CA-EF8C-4EB8-9E4E-3EAA40C6E58E}.Debug|x64.ActiveCfg = Debug|Win32
		{4FAB63CA-EF8C-4EB8-9E4E-3EAA40C6E58E}.Release|Mixed Platforms.ActiveCfg = Release|Win32
		{4FAB63CA-EF8C-4EB8-9E4E-3EAA40C6E58E}.Release|Mixed Platforms.Build.0 = Release|Win32
		{4FAB63CA-EF8C-4EB8-9E4E-3EAA40C6E58E}.Release|Win32.ActiveCfg = Release|Win32
		{4FAB63CA-EF8C-4EB8-9E4E-3EAA40C6E58E}.Release|Win32.Build.0 = Release|Win32
		{4FAB63CA-EF8C-4EB8-9E4E-3EAA40C6E58E}.Release|x64.ActiveCfg = Release|Win32
		{4D0804D6-3CBA-4960-9236-725DCA73FD8F}.Debug|Mixed Platforms.ActiveCfg = Debug|Win32
		{4D0804D6-3CBA-4960-9236-725DCA73FD8F}.Debug|Mixed Platforms.Build.0 = Debug|Win32
		{4D0804D6-3CBA-4960-9236-725DCA73FD8F}.Debug|Win32.ActiveCfg = Debug|Win32
		{4D0804D6-3CBA-4960-9236-725DCA73FD8F}.Debug|Win32.Build.0 = Debug|Win32
		{4D0804D6-3CBA-4960-9236-725DCA73FD8F}.Debug|x64.ActiveCfg = Debug|Win32
		{4D0804D6-3CBA-4960-9236-725DCA73FD8F}.Release|Mixed Platforms.ActiveCfg = Release|Win32
		{4D0804D6-3CBA-4960-9236-725DCA73FD8F}.Release|Mixed Platforms.Build.0 = Release|Win32
		{4D0804D6-3CBA-4960-9236-725DCA73FD8F}.Release|Win32.ActiveCfg = Release|Win32
		{4D0804D6-3CBA-4960-9236-725DCA73FD8F}.Release|Win32.Build.0 = Release|Win32
		{4D0804D6-3CBA-4960-9236-725DCA73FD8F}.Release|x64.ActiveCfg = Release|Win32
		{13E3CF0C-3C15-4407-8DA4-FCDD6ECAF894}.Debug|Mixed Platforms.ActiveCfg = Debug|Win32
		{13E3CF0C-3C15-4407-8DA4-FCDD6ECAF894}.Debug|Mixed Platforms.Build.0 = Debug|Win32
		{13E3CF0C-3C15-4407-8DA4-FCDD6ECAF894}.Debug|Win32.ActiveCfg = Debug|Win32
		{13E3CF0C-3C15-4407-8DA4-FCDD6ECAF894}.Debug|Win32.Build.0 = Debug|Win32
		{13E3CF0C-3C15-4407-8DA4-FCDD6ECAF894}.Debug|x64.ActiveCfg = Debug|Win32
		{13E3CF0C-3C15-4407-8DA4-FCDD6ECAF894}.Release|Mixed Platforms.ActiveCfg = Release|Win32
		{13E3CF0C-3C15-4407-8DA4-FCDD6ECAF894}.Release|Mixed Platforms.Build.0 = Release|Win32
		{13E3CF0C-3C15-4407-8DA4-FCDD6ECAF894}.Release|Win32.ActiveCfg = Release|Win32
		{13E3CF0C-3C15-4407-8DA4-FCDD6ECAF894}.Release|Win32.Build.0 = Release|Win32
		{13E3CF0C-3C15-4407-8DA4-FCDD6ECAF894}.Release|x64.ActiveCfg = Release|Win32
		{C4E1D6D4-AE0F-4E11-BA6D-97D77696D973}.Debug|Mixed Platforms.ActiveCfg = Debug|Win32
		{C4E1D6D4-AE0F-4E11-BA6D-97D77696D973}.Debug|Mixed Platforms.Build.0 = Debug|Win32
		{C4E1D6D4-AE0F-4E11-BA6D-97D77696D973}.Debug|Win32.ActiveCfg = Debug|Win32
		{C4E1D6D4-AE0F-4E11-BA6D-97D77696D973}.Debug|Win32.Build.0 = Debug|Win32
		{C4E1D6D4-AE0F-4E11-BA6D-97D77696D973}.Debug|x64.ActiveCfg = Debug|Win32
		{C4E1D6D4-AE0F-4E11-BA6D-97D77696D973}.Release|Mixed Platforms.ActiveCfg = Release|Win32
		{C4E1D6D4-AE0F-4E11-BA6D-97D77696D973}.Release|Mixed Platforms.Build.0 = Release|Win32
		{C4E1D6D4-AE0F-4E11-BA6D-97D77696D973}.Release|Win32.ActiveCfg = Release|Win32
		{C4E1D6D4-AE0F-4E11-BA6D-97D77696D973}.Release|Win32.Build.0 = Release|Win32
		{C4E1D6D4-AE0F-4E11-BA6D-97D77696D973}.Release|x64.ActiveCfg = Release|Win32
		{B1B3BE4E-F793-4188-B54C-BF47549EE59E}.Debug|Mixed Platforms.ActiveCfg = Debug|Win32
		{B1B3BE4E-F793-4188-B54C-BF47549EE59E}.Debug|Mixed Platforms.Build.0 = Debug|Win32
		{B1B3BE4E-F793-4188-B54C-BF47549EE59E}.Debug|Win32.ActiveCfg = Debug|Win32
		{B1B3BE4E-F793-4188-B54C-BF47549EE59E}.Debug|Win32.Build.0 = Debug|Win32
		{B1B3BE4E-F793-4188-B54C-BF47549EE59E}.Debug|x64.ActiveCfg = Debug|Win32
		{B1B3BE4E-F793-4188-B54C-BF47549EE59E}.Release|Mixed Platforms.ActiveCfg = Release|Win32
		{B1B3BE4E-F793-4188-B54C-BF47549EE59E}.Release|Mixed Platforms.Build.0 = Release|Win32
		{B1B3BE4E-F793-4188-B54C-BF47549EE59E}.Release|Win32.ActiveCfg = Release|Win32
		{B1B3BE4E-F793-4188-B54C-BF47549EE59E}.Release|Win32.Build.0 = Release|Win32
		{B1B3BE4E-F793-4188-B54C-BF47549EE59E}.Release|x64.ActiveCfg = Release|Win32
	EndGlobalSection
	GlobalSection(SolutionProperties) = preSolution
		HideSolutionNode = FALSE
	EndGlobalSection
	GlobalSection(NestedProjects) = preSolution
		{5139A6B2-A866-41DA-AD06-A64561BC2383} = {8EFF0858-A371-4E72-B4A7-D3612AFE62C9}
		{55622656-EDAF-46C0-B360-7A6671FD941D} = {8EFF0858-A371-4E72-B4A7-D3612AFE62C9}
		{8F0F74CF-3672-4629-98D4-322BA0ACFC7B} = {8EFF0858-A371-4E72-B4A7-D3612AFE62C9}
		{4FAB63CA-EF8C-4EB8-9E4E-3EAA40C6E58E} = {8EFF0858-A371-4E72-B4A7-D3612AFE62C9}
		{4D0804D6-3CBA-4960-9236-725DCA73FD8F} = {8EFF0858-A371-4E72-B4A7-D3612AFE62C9}
		{B1B3BE4E-F793-4188-B54C-BF47549EE59E} = {8EFF0858-A371-4E72-B4A7-D3612AFE62C9}
	EndGlobalSection
EndGlobal
