<?xml version="1.0" encoding="utf-8"?>
<Project ToolsVersion="4.0" xmlns="http://schemas.microsoft.com/developer/msbuild/2003">
  <ItemGroup>
    <Filter Include="common">
      <UniqueIdentifier>{1055d6b4-c2df-42d6-9bc1-1c68256a97e7}</UniqueIdentifier>
    </Filter>
    <Filter Include="proto">
      <UniqueIdentifier>{3efccc0a-a44f-49b0-bbbd-f3c9974dcc65}</UniqueIdentifier>
    </Filter>
    <Filter Include="main">
      <UniqueIdentifier>{5a49521c-1576-46b9-b652-c3b82af769ba}</UniqueIdentifier>
    </Filter>
    <Filter Include="net">
      <UniqueIdentifier>{10ec7bd8-ab14-49cd-901a-b9e6dbc85e29}</UniqueIdentifier>
    </Filter>
  </ItemGroup>
  <ItemGroup>
    <ClCompile Include="..\common\commonfunction.cpp">
      <Filter>common</Filter>
    </ClCompile>
    <ClCompile Include="..\Gateway\main\gateway.cpp">
      <Filter>main</Filter>
    </ClCompile>
    <ClCompile Include="..\Gateway\main\main.cpp">
      <Filter>main</Filter>
    </ClCompile>
    <ClCompile Include="..\Gateway\net\callback.cpp">
      <Filter>net</Filter>
    </ClCompile>
    <ClCompile Include="..\Gateway\net\netthread.cpp">
      <Filter>net</Filter>
    </ClCompile>
  </ItemGroup>
  <ItemGroup>
    <ClInclude Include="..\common\commonfunction.h">
      <Filter>common</Filter>
    </ClInclude>
    <ClInclude Include="..\common\commonvariable.h">
      <Filter>common</Filter>
    </ClInclude>
    <ClInclude Include="..\protocol\innerproto.h">
      <Filter>proto</Filter>
    </ClInclude>
    <ClInclude Include="..\Gateway\main\gateway.h">
      <Filter>main</Filter>
    </ClInclude>
    <ClInclude Include="..\Gateway\net\callback.h">
      <Filter>net</Filter>
    </ClInclude>
    <ClInclude Include="..\Gateway\net\netthread.h">
      <Filter>net</Filter>
    </ClInclude>
    <ClInclude Include="..\Gateway\main\threadid.h">
      <Filter>main</Filter>
    </ClInclude>
  </ItemGroup>
</Project>