<?xml version="1.0" encoding="utf-8"?>
<Project ToolsVersion="4.0" xmlns="http://schemas.microsoft.com/developer/msbuild/2003">
  <ItemGroup>
    <Filter Include="frame">
      <UniqueIdentifier>{790a10bd-2744-4e5a-a1e7-ed9848dd8c1f}</UniqueIdentifier>
    </Filter>
    <Filter Include="common">
      <UniqueIdentifier>{4d13a7fa-d325-41f5-bdfe-1a212e7ec16e}</UniqueIdentifier>
    </Filter>
    <Filter Include="message">
      <UniqueIdentifier>{c31a992e-de2d-457f-b3da-16a8b6eb8535}</UniqueIdentifier>
    </Filter>
    <Filter Include="message\messagefunction">
      <UniqueIdentifier>{b2cad4cb-6f61-46c9-ae38-d3fa824995ef}</UniqueIdentifier>
    </Filter>
    <Filter Include="common\libheader">
      <UniqueIdentifier>{e12164b6-87db-4593-92c0-c5d31980855a}</UniqueIdentifier>
    </Filter>
  </ItemGroup>
  <ItemGroup>
    <ClCompile Include="..\LoginServer\frame\loginframe.cpp">
      <Filter>frame</Filter>
    </ClCompile>
    <ClCompile Include="..\LoginServer\frame\main.cpp">
      <Filter>frame</Filter>
    </ClCompile>
    <ClCompile Include="..\common\commonfunction.cpp">
      <Filter>common</Filter>
    </ClCompile>
    <ClCompile Include="..\LoginServer\message\messagefunction\messagehandler.cpp">
      <Filter>message\messagefunction</Filter>
    </ClCompile>
  </ItemGroup>
  <ItemGroup>
    <ClInclude Include="..\LoginServer\frame\loginframe.h">
      <Filter>frame</Filter>
    </ClInclude>
    <ClInclude Include="..\common\commonfunction.h">
      <Filter>common</Filter>
    </ClInclude>
    <ClInclude Include="..\common\commonvariable.h">
      <Filter>common</Filter>
    </ClInclude>
    <ClInclude Include="..\LoginServer\message\messagefunction\messagehandler.h">
      <Filter>message\messagefunction</Filter>
    </ClInclude>
    <ClInclude Include="..\common\libheader\libinternal.h">
      <Filter>common\libheader</Filter>
    </ClInclude>
    <ClInclude Include="..\common\libheader\libtinyxml.h">
      <Filter>common\libheader</Filter>
    </ClInclude>
    <ClInclude Include="..\common\libheader\libtimemanager.h">
      <Filter>common\libheader</Filter>
    </ClInclude>
    <ClInclude Include="..\common\protocol\msgcode.h">
      <Filter>message</Filter>
    </ClInclude>
  </ItemGroup>
</Project>