<?xml version="1.0" encoding="utf-8"?>
<Project ToolsVersion="4.0" xmlns="http://schemas.microsoft.com/developer/msbuild/2003">
  <ItemGroup>
    <Filter Include="main">
      <UniqueIdentifier>{bb9bf4ff-a637-48e3-8c86-e13e9a355be4}</UniqueIdentifier>
    </Filter>
    <Filter Include="net">
      <UniqueIdentifier>{5504f7bd-9669-4471-b849-33ef875f272a}</UniqueIdentifier>
    </Filter>
  </ItemGroup>
  <ItemGroup>
    <ClCompile Include="..\Query\main\query.cpp">
      <Filter>main</Filter>
    </ClCompile>
    <ClCompile Include="..\Query\net\gateaccepter.cpp">
      <Filter>net</Filter>
    </ClCompile>
    <ClCompile Include="..\Query\net\gatehandshake.cpp">
      <Filter>net</Filter>
    </ClCompile>
    <ClCompile Include="..\Query\net\gatelistener.cpp">
      <Filter>net</Filter>
    </ClCompile>
    <ClCompile Include="..\Query\net\gatethread.cpp">
      <Filter>net</Filter>
    </ClCompile>
    <ClCompile Include="..\Query\net\netthread.cpp">
      <Filter>net</Filter>
    </ClCompile>
  </ItemGroup>
  <ItemGroup>
    <ClInclude Include="..\Query\main\query.h">
      <Filter>main</Filter>
    </ClInclude>
    <ClInclude Include="..\Query\net\gateaccepter.h">
      <Filter>net</Filter>
    </ClInclude>
    <ClInclude Include="..\Query\net\gatehandshake.h">
      <Filter>net</Filter>
    </ClInclude>
    <ClInclude Include="..\Query\net\gatelistener.h">
      <Filter>net</Filter>
    </ClInclude>
    <ClInclude Include="..\Query\net\gatethread.h">
      <Filter>net</Filter>
    </ClInclude>
    <ClInclude Include="..\Query\net\netthread.h">
      <Filter>net</Filter>
    </ClInclude>
    <ClInclude Include="..\Query\net\proto.h">
      <Filter>net</Filter>
    </ClInclude>
  </ItemGroup>
</Project>