<?xml version="1.0" encoding="utf-8"?>
<Project ToolsVersion="4.0" xmlns="http://schemas.microsoft.com/developer/msbuild/2003">
  <ItemGroup>
    <Filter Include="src">
      <UniqueIdentifier>{11ff1736-d0c3-4cec-bf2a-677dcccdc53c}</UniqueIdentifier>
    </Filter>
  </ItemGroup>
  <ItemGroup>
    <ClInclude Include="..\..\lib\include\db\field.h">
      <Filter>src</Filter>
    </ClInclude>
    <ClInclude Include="..\..\lib\include\db\fieldmanager.h">
      <Filter>src</Filter>
    </ClInclude>
    <ClInclude Include="..\..\lib\include\db\keyfield.h">
      <Filter>src</Filter>
    </ClInclude>
    <ClInclude Include="..\..\lib\include\db\prepare.h">
      <Filter>src</Filter>
    </ClInclude>
    <ClInclude Include="..\..\lib\include\db\status.h">
      <Filter>src</Filter>
    </ClInclude>
  </ItemGroup>
  <ItemGroup>
    <ClCompile Include="..\..\lib\src\db\field.cpp">
      <Filter>src</Filter>
    </ClCompile>
    <ClCompile Include="..\..\lib\src\db\fieldmanager.cpp">
      <Filter>src</Filter>
    </ClCompile>
    <ClCompile Include="..\..\lib\src\db\prepare.cpp">
      <Filter>src</Filter>
    </ClCompile>
    <ClCompile Include="..\..\lib\src\db\status.cpp">
      <Filter>src</Filter>
    </ClCompile>
  </ItemGroup>
</Project>