<?xml version="1.0" encoding="utf-8"?>
<Project ToolsVersion="4.0" xmlns="http://schemas.microsoft.com/developer/msbuild/2003">
  <ItemGroup>
    <Filter Include="mongoc">
      <UniqueIdentifier>{49ace993-cdb2-4e25-8078-2b3d9bf93ef4}</UniqueIdentifier>
    </Filter>
    <Filter Include="libbson">
      <UniqueIdentifier>{96f59461-894a-4c57-a69b-7708f9b82a8e}</UniqueIdentifier>
    </Filter>
    <Filter Include="yajl">
      <UniqueIdentifier>{a9e18177-06bb-4880-bffe-a9e8aafbfdd8}</UniqueIdentifier>
    </Filter>
  </ItemGroup>
  <ItemGroup>
    <ClInclude Include="..\..\lib\src\mongo\libbson\b64_ntop.h">
      <Filter>libbson</Filter>
    </ClInclude>
    <ClInclude Include="..\..\lib\src\mongo\libbson\b64_pton.h">
      <Filter>libbson</Filter>
    </ClInclude>
    <ClInclude Include="..\..\lib\src\mongo\libbson\bcon.h">
      <Filter>libbson</Filter>
    </ClInclude>
    <ClInclude Include="..\..\lib\src\mongo\libbson\bson.h">
      <Filter>libbson</Filter>
    </ClInclude>
    <ClInclude Include="..\..\lib\src\mongo\libbson\bson-atomic.h">
      <Filter>libbson</Filter>
    </ClInclude>
    <ClInclude Include="..\..\lib\src\mongo\libbson\bson-clock.h">
      <Filter>libbson</Filter>
    </ClInclude>
    <ClInclude Include="..\..\lib\src\mongo\libbson\bson-compat.h">
      <Filter>libbson</Filter>
    </ClInclude>
    <ClInclude Include="..\..\lib\src\mongo\libbson\bson-config.h">
      <Filter>libbson</Filter>
    </ClInclude>
    <ClInclude Include="..\..\lib\src\mongo\libbson\bson-context.h">
      <Filter>libbson</Filter>
    </ClInclude>
    <ClInclude Include="..\..\lib\src\mongo\libbson\bson-context-private.h">
      <Filter>libbson</Filter>
    </ClInclude>
    <ClInclude Include="..\..\lib\src\mongo\libbson\bson-decimal128.h">
      <Filter>libbson</Filter>
    </ClInclude>
    <ClInclude Include="..\..\lib\src\mongo\libbson\bson-endian.h">
      <Filter>libbson</Filter>
    </ClInclude>
    <ClInclude Include="..\..\lib\src\mongo\libbson\bson-error.h">
      <Filter>libbson</Filter>
    </ClInclude>
    <ClInclude Include="..\..\lib\src\mongo\libbson\bson-iso8601-private.h">
      <Filter>libbson</Filter>
    </ClInclude>
    <ClInclude Include="..\..\lib\src\mongo\libbson\bson-iter.h">
      <Filter>libbson</Filter>
    </ClInclude>
    <ClInclude Include="..\..\lib\src\mongo\libbson\bson-json.h">
      <Filter>libbson</Filter>
    </ClInclude>
    <ClInclude Include="..\..\lib\src\mongo\libbson\bson-keys.h">
      <Filter>libbson</Filter>
    </ClInclude>
    <ClInclude Include="..\..\lib\src\mongo\libbson\bson-macros.h">
      <Filter>libbson</Filter>
    </ClInclude>
    <ClInclude Include="..\..\lib\src\mongo\libbson\bson-md5.h">
      <Filter>libbson</Filter>
    </ClInclude>
    <ClInclude Include="..\..\lib\src\mongo\libbson\bson-memory.h">
      <Filter>libbson</Filter>
    </ClInclude>
    <ClInclude Include="..\..\lib\src\mongo\libbson\bson-oid.h">
      <Filter>libbson</Filter>
    </ClInclude>
    <ClInclude Include="..\..\lib\src\mongo\libbson\bson-private.h">
      <Filter>libbson</Filter>
    </ClInclude>
    <ClInclude Include="..\..\lib\src\mongo\libbson\bson-reader.h">
      <Filter>libbson</Filter>
    </ClInclude>
    <ClInclude Include="..\..\lib\src\mongo\libbson\bson-stdint-win32.h">
      <Filter>libbson</Filter>
    </ClInclude>
    <ClInclude Include="..\..\lib\src\mongo\libbson\bson-string.h">
      <Filter>libbson</Filter>
    </ClInclude>
    <ClInclude Include="..\..\lib\src\mongo\libbson\bson-thread-private.h">
      <Filter>libbson</Filter>
    </ClInclude>
    <ClInclude Include="..\..\lib\src\mongo\libbson\bson-timegm-private.h">
      <Filter>libbson</Filter>
    </ClInclude>
    <ClInclude Include="..\..\lib\src\mongo\libbson\bson-types.h">
      <Filter>libbson</Filter>
    </ClInclude>
    <ClInclude Include="..\..\lib\src\mongo\libbson\bson-utf8.h">
      <Filter>libbson</Filter>
    </ClInclude>
    <ClInclude Include="..\..\lib\src\mongo\libbson\bson-value.h">
      <Filter>libbson</Filter>
    </ClInclude>
    <ClInclude Include="..\..\lib\src\mongo\libbson\bson-version.h">
      <Filter>libbson</Filter>
    </ClInclude>
    <ClInclude Include="..\..\lib\src\mongo\libbson\bson-version-functions.h">
      <Filter>libbson</Filter>
    </ClInclude>
    <ClInclude Include="..\..\lib\src\mongo\libbson\bson-writer.h">
      <Filter>libbson</Filter>
    </ClInclude>
    <ClInclude Include="..\..\lib\src\mongo\yajl\yajl_alloc.h">
      <Filter>yajl</Filter>
    </ClInclude>
    <ClInclude Include="..\..\lib\src\mongo\yajl\yajl_buf.h">
      <Filter>yajl</Filter>
    </ClInclude>
    <ClInclude Include="..\..\lib\src\mongo\yajl\yajl_bytestack.h">
      <Filter>yajl</Filter>
    </ClInclude>
    <ClInclude Include="..\..\lib\src\mongo\yajl\yajl_common.h">
      <Filter>yajl</Filter>
    </ClInclude>
    <ClInclude Include="..\..\lib\src\mongo\yajl\yajl_encode.h">
      <Filter>yajl</Filter>
    </ClInclude>
    <ClInclude Include="..\..\lib\src\mongo\yajl\yajl_gen.h">
      <Filter>yajl</Filter>
    </ClInclude>
    <ClInclude Include="..\..\lib\src\mongo\yajl\yajl_lex.h">
      <Filter>yajl</Filter>
    </ClInclude>
    <ClInclude Include="..\..\lib\src\mongo\yajl\yajl_parse.h">
      <Filter>yajl</Filter>
    </ClInclude>
    <ClInclude Include="..\..\lib\src\mongo\yajl\yajl_parser.h">
      <Filter>yajl</Filter>
    </ClInclude>
    <ClInclude Include="..\..\lib\src\mongo\yajl\yajl_tree.h">
      <Filter>yajl</Filter>
    </ClInclude>
    <ClInclude Include="..\..\lib\src\mongo\yajl\yajl_version.h">
      <Filter>yajl</Filter>
    </ClInclude>
    <ClInclude Include="..\..\lib\src\mongo\mongoc\mongoc.h">
      <Filter>mongoc</Filter>
    </ClInclude>
    <ClInclude Include="..\..\lib\src\mongo\mongoc\mongoc-apm.h">
      <Filter>mongoc</Filter>
    </ClInclude>
    <ClInclude Include="..\..\lib\src\mongo\mongoc\mongoc-apm-private.h">
      <Filter>mongoc</Filter>
    </ClInclude>
    <ClInclude Include="..\..\lib\src\mongo\mongoc\mongoc-array-private.h">
      <Filter>mongoc</Filter>
    </ClInclude>
    <ClInclude Include="..\..\lib\src\mongo\mongoc\mongoc-async-cmd-private.h">
      <Filter>mongoc</Filter>
    </ClInclude>
    <ClInclude Include="..\..\lib\src\mongo\mongoc\mongoc-async-private.h">
      <Filter>mongoc</Filter>
    </ClInclude>
    <ClInclude Include="..\..\lib\src\mongo\mongoc\mongoc-b64-private.h">
      <Filter>mongoc</Filter>
    </ClInclude>
    <ClInclude Include="..\..\lib\src\mongo\mongoc\mongoc-buffer-private.h">
      <Filter>mongoc</Filter>
    </ClInclude>
    <ClInclude Include="..\..\lib\src\mongo\mongoc\mongoc-bulk-operation.h">
      <Filter>mongoc</Filter>
    </ClInclude>
    <ClInclude Include="..\..\lib\src\mongo\mongoc\mongoc-bulk-operation-private.h">
      <Filter>mongoc</Filter>
    </ClInclude>
    <ClInclude Include="..\..\lib\src\mongo\mongoc\mongoc-client.h">
      <Filter>mongoc</Filter>
    </ClInclude>
    <ClInclude Include="..\..\lib\src\mongo\mongoc\mongoc-client-pool.h">
      <Filter>mongoc</Filter>
    </ClInclude>
    <ClInclude Include="..\..\lib\src\mongo\mongoc\mongoc-client-pool-private.h">
      <Filter>mongoc</Filter>
    </ClInclude>
    <ClInclude Include="..\..\lib\src\mongo\mongoc\mongoc-client-private.h">
      <Filter>mongoc</Filter>
    </ClInclude>
    <ClInclude Include="..\..\lib\src\mongo\mongoc\mongoc-cluster-private.h">
      <Filter>mongoc</Filter>
    </ClInclude>
    <ClInclude Include="..\..\lib\src\mongo\mongoc\mongoc-collection.h">
      <Filter>mongoc</Filter>
    </ClInclude>
    <ClInclude Include="..\..\lib\src\mongo\mongoc\mongoc-collection-private.h">
      <Filter>mongoc</Filter>
    </ClInclude>
    <ClInclude Include="..\..\lib\src\mongo\mongoc\mongoc-config.h">
      <Filter>mongoc</Filter>
    </ClInclude>
    <ClInclude Include="..\..\lib\src\mongo\mongoc\mongoc-counters-private.h">
      <Filter>mongoc</Filter>
    </ClInclude>
    <ClInclude Include="..\..\lib\src\mongo\mongoc\mongoc-crypto-cng.h">
      <Filter>mongoc</Filter>
    </ClInclude>
    <ClInclude Include="..\..\lib\src\mongo\mongoc\mongoc-crypto-cng-private.h">
      <Filter>mongoc</Filter>
    </ClInclude>
    <ClInclude Include="..\..\lib\src\mongo\mongoc\mongoc-crypto-common-crypto-private.h">
      <Filter>mongoc</Filter>
    </ClInclude>
    <ClInclude Include="..\..\lib\src\mongo\mongoc\mongoc-crypto-openssl-private.h">
      <Filter>mongoc</Filter>
    </ClInclude>
    <ClInclude Include="..\..\lib\src\mongo\mongoc\mongoc-crypto-private.h">
      <Filter>mongoc</Filter>
    </ClInclude>
    <ClInclude Include="..\..\lib\src\mongo\mongoc\mongoc-cursor.h">
      <Filter>mongoc</Filter>
    </ClInclude>
    <ClInclude Include="..\..\lib\src\mongo\mongoc\mongoc-cursor-array-private.h">
      <Filter>mongoc</Filter>
    </ClInclude>
    <ClInclude Include="..\..\lib\src\mongo\mongoc\mongoc-cursor-cursorid-private.h">
      <Filter>mongoc</Filter>
    </ClInclude>
    <ClInclude Include="..\..\lib\src\mongo\mongoc\mongoc-cursor-private.h">
      <Filter>mongoc</Filter>
    </ClInclude>
    <ClInclude Include="..\..\lib\src\mongo\mongoc\mongoc-cursor-transform-private.h">
      <Filter>mongoc</Filter>
    </ClInclude>
    <ClInclude Include="..\..\lib\src\mongo\mongoc\mongoc-database.h">
      <Filter>mongoc</Filter>
    </ClInclude>
    <ClInclude Include="..\..\lib\src\mongo\mongoc\mongoc-database-private.h">
      <Filter>mongoc</Filter>
    </ClInclude>
    <ClInclude Include="..\..\lib\src\mongo\mongoc\mongoc-errno-private.h">
      <Filter>mongoc</Filter>
    </ClInclude>
    <ClInclude Include="..\..\lib\src\mongo\mongoc\mongoc-error.h">
      <Filter>mongoc</Filter>
    </ClInclude>
    <ClInclude Include="..\..\lib\src\mongo\mongoc\mongoc-find-and-modify.h">
      <Filter>mongoc</Filter>
    </ClInclude>
    <ClInclude Include="..\..\lib\src\mongo\mongoc\mongoc-find-and-modify-private.h">
      <Filter>mongoc</Filter>
    </ClInclude>
    <ClInclude Include="..\..\lib\src\mongo\mongoc\mongoc-flags.h">
      <Filter>mongoc</Filter>
    </ClInclude>
    <ClInclude Include="..\..\lib\src\mongo\mongoc\mongoc-gridfs.h">
      <Filter>mongoc</Filter>
    </ClInclude>
    <ClInclude Include="..\..\lib\src\mongo\mongoc\mongoc-gridfs-file.h">
      <Filter>mongoc</Filter>
    </ClInclude>
    <ClInclude Include="..\..\lib\src\mongo\mongoc\mongoc-gridfs-file-list.h">
      <Filter>mongoc</Filter>
    </ClInclude>
    <ClInclude Include="..\..\lib\src\mongo\mongoc\mongoc-gridfs-file-list-private.h">
      <Filter>mongoc</Filter>
    </ClInclude>
    <ClInclude Include="..\..\lib\src\mongo\mongoc\mongoc-gridfs-file-page.h">
      <Filter>mongoc</Filter>
    </ClInclude>
    <ClInclude Include="..\..\lib\src\mongo\mongoc\mongoc-gridfs-file-page-private.h">
      <Filter>mongoc</Filter>
    </ClInclude>
    <ClInclude Include="..\..\lib\src\mongo\mongoc\mongoc-gridfs-file-private.h">
      <Filter>mongoc</Filter>
    </ClInclude>
    <ClInclude Include="..\..\lib\src\mongo\mongoc\mongoc-gridfs-private.h">
      <Filter>mongoc</Filter>
    </ClInclude>
    <ClInclude Include="..\..\lib\src\mongo\mongoc\mongoc-host-list.h">
      <Filter>mongoc</Filter>
    </ClInclude>
    <ClInclude Include="..\..\lib\src\mongo\mongoc\mongoc-host-list-private.h">
      <Filter>mongoc</Filter>
    </ClInclude>
    <ClInclude Include="..\..\lib\src\mongo\mongoc\mongoc-index.h">
      <Filter>mongoc</Filter>
    </ClInclude>
    <ClInclude Include="..\..\lib\src\mongo\mongoc\mongoc-init.h">
      <Filter>mongoc</Filter>
    </ClInclude>
    <ClInclude Include="..\..\lib\src\mongo\mongoc\mongoc-iovec.h">
      <Filter>mongoc</Filter>
    </ClInclude>
    <ClInclude Include="..\..\lib\src\mongo\mongoc\mongoc-list-private.h">
      <Filter>mongoc</Filter>
    </ClInclude>
    <ClInclude Include="..\..\lib\src\mongo\mongoc\mongoc-log.h">
      <Filter>mongoc</Filter>
    </ClInclude>
    <ClInclude Include="..\..\lib\src\mongo\mongoc\mongoc-log-private.h">
      <Filter>mongoc</Filter>
    </ClInclude>
    <ClInclude Include="..\..\lib\src\mongo\mongoc\mongoc-matcher.h">
      <Filter>mongoc</Filter>
    </ClInclude>
    <ClInclude Include="..\..\lib\src\mongo\mongoc\mongoc-matcher-op-private.h">
      <Filter>mongoc</Filter>
    </ClInclude>
    <ClInclude Include="..\..\lib\src\mongo\mongoc\mongoc-matcher-private.h">
      <Filter>mongoc</Filter>
    </ClInclude>
    <ClInclude Include="..\..\lib\src\mongo\mongoc\mongoc-memcmp-private.h">
      <Filter>mongoc</Filter>
    </ClInclude>
    <ClInclude Include="..\..\lib\src\mongo\mongoc\mongoc-opcode.h">
      <Filter>mongoc</Filter>
    </ClInclude>
    <ClInclude Include="..\..\lib\src\mongo\mongoc\mongoc-opcode-private.h">
      <Filter>mongoc</Filter>
    </ClInclude>
    <ClInclude Include="..\..\lib\src\mongo\mongoc\mongoc-openssl-private.h">
      <Filter>mongoc</Filter>
    </ClInclude>
    <ClInclude Include="..\..\lib\src\mongo\mongoc\mongoc-queue-private.h">
      <Filter>mongoc</Filter>
    </ClInclude>
    <ClInclude Include="..\..\lib\src\mongo\mongoc\mongoc-rand.h">
      <Filter>mongoc</Filter>
    </ClInclude>
    <ClInclude Include="..\..\lib\src\mongo\mongoc\mongoc-rand-private.h">
      <Filter>mongoc</Filter>
    </ClInclude>
    <ClInclude Include="..\..\lib\src\mongo\mongoc\mongoc-read-concern.h">
      <Filter>mongoc</Filter>
    </ClInclude>
    <ClInclude Include="..\..\lib\src\mongo\mongoc\mongoc-read-concern-private.h">
      <Filter>mongoc</Filter>
    </ClInclude>
    <ClInclude Include="..\..\lib\src\mongo\mongoc\mongoc-read-prefs.h">
      <Filter>mongoc</Filter>
    </ClInclude>
    <ClInclude Include="..\..\lib\src\mongo\mongoc\mongoc-read-prefs-private.h">
      <Filter>mongoc</Filter>
    </ClInclude>
    <ClInclude Include="..\..\lib\src\mongo\mongoc\mongoc-rpc-private.h">
      <Filter>mongoc</Filter>
    </ClInclude>
    <ClInclude Include="..\..\lib\src\mongo\mongoc\mongoc-sasl-private.h">
      <Filter>mongoc</Filter>
    </ClInclude>
    <ClInclude Include="..\..\lib\src\mongo\mongoc\mongoc-scram-private.h">
      <Filter>mongoc</Filter>
    </ClInclude>
    <ClInclude Include="..\..\lib\src\mongo\mongoc\mongoc-secure-channel-private.h">
      <Filter>mongoc</Filter>
    </ClInclude>
    <ClInclude Include="..\..\lib\src\mongo\mongoc\mongoc-secure-transport-private.h">
      <Filter>mongoc</Filter>
    </ClInclude>
    <ClInclude Include="..\..\lib\src\mongo\mongoc\mongoc-server-description.h">
      <Filter>mongoc</Filter>
    </ClInclude>
    <ClInclude Include="..\..\lib\src\mongo\mongoc\mongoc-server-description-private.h">
      <Filter>mongoc</Filter>
    </ClInclude>
    <ClInclude Include="..\..\lib\src\mongo\mongoc\mongoc-server-stream-private.h">
      <Filter>mongoc</Filter>
    </ClInclude>
    <ClInclude Include="..\..\lib\src\mongo\mongoc\mongoc-set-private.h">
      <Filter>mongoc</Filter>
    </ClInclude>
    <ClInclude Include="..\..\lib\src\mongo\mongoc\mongoc-socket.h">
      <Filter>mongoc</Filter>
    </ClInclude>
    <ClInclude Include="..\..\lib\src\mongo\mongoc\mongoc-socket-private.h">
      <Filter>mongoc</Filter>
    </ClInclude>
    <ClInclude Include="..\..\lib\src\mongo\mongoc\mongoc-ssl.h">
      <Filter>mongoc</Filter>
    </ClInclude>
    <ClInclude Include="..\..\lib\src\mongo\mongoc\mongoc-ssl-private.h">
      <Filter>mongoc</Filter>
    </ClInclude>
    <ClInclude Include="..\..\lib\src\mongo\mongoc\mongoc-stream.h">
      <Filter>mongoc</Filter>
    </ClInclude>
    <ClInclude Include="..\..\lib\src\mongo\mongoc\mongoc-stream-buffered.h">
      <Filter>mongoc</Filter>
    </ClInclude>
    <ClInclude Include="..\..\lib\src\mongo\mongoc\mongoc-stream-file.h">
      <Filter>mongoc</Filter>
    </ClInclude>
    <ClInclude Include="..\..\lib\src\mongo\mongoc\mongoc-stream-gridfs.h">
      <Filter>mongoc</Filter>
    </ClInclude>
    <ClInclude Include="..\..\lib\src\mongo\mongoc\mongoc-stream-private.h">
      <Filter>mongoc</Filter>
    </ClInclude>
    <ClInclude Include="..\..\lib\src\mongo\mongoc\mongoc-stream-socket.h">
      <Filter>mongoc</Filter>
    </ClInclude>
    <ClInclude Include="..\..\lib\src\mongo\mongoc\mongoc-stream-tls.h">
      <Filter>mongoc</Filter>
    </ClInclude>
    <ClInclude Include="..\..\lib\src\mongo\mongoc\mongoc-stream-tls-openssl.h">
      <Filter>mongoc</Filter>
    </ClInclude>
    <ClInclude Include="..\..\lib\src\mongo\mongoc\mongoc-stream-tls-openssl-bio-private.h">
      <Filter>mongoc</Filter>
    </ClInclude>
    <ClInclude Include="..\..\lib\src\mongo\mongoc\mongoc-stream-tls-openssl-private.h">
      <Filter>mongoc</Filter>
    </ClInclude>
    <ClInclude Include="..\..\lib\src\mongo\mongoc\mongoc-stream-tls-private.h">
      <Filter>mongoc</Filter>
    </ClInclude>
    <ClInclude Include="..\..\lib\src\mongo\mongoc\mongoc-stream-tls-secure-channel.h">
      <Filter>mongoc</Filter>
    </ClInclude>
    <ClInclude Include="..\..\lib\src\mongo\mongoc\mongoc-stream-tls-secure-channel-private.h">
      <Filter>mongoc</Filter>
    </ClInclude>
    <ClInclude Include="..\..\lib\src\mongo\mongoc\mongoc-stream-tls-secure-transport.h">
      <Filter>mongoc</Filter>
    </ClInclude>
    <ClInclude Include="..\..\lib\src\mongo\mongoc\mongoc-stream-tls-secure-transport-private.h">
      <Filter>mongoc</Filter>
    </ClInclude>
    <ClInclude Include="..\..\lib\src\mongo\mongoc\mongoc-thread-private.h">
      <Filter>mongoc</Filter>
    </ClInclude>
    <ClInclude Include="..\..\lib\src\mongo\mongoc\mongoc-topology-description-private.h">
      <Filter>mongoc</Filter>
    </ClInclude>
    <ClInclude Include="..\..\lib\src\mongo\mongoc\mongoc-topology-private.h">
      <Filter>mongoc</Filter>
    </ClInclude>
    <ClInclude Include="..\..\lib\src\mongo\mongoc\mongoc-topology-scanner-private.h">
      <Filter>mongoc</Filter>
    </ClInclude>
    <ClInclude Include="..\..\lib\src\mongo\mongoc\mongoc-trace.h">
      <Filter>mongoc</Filter>
    </ClInclude>
    <ClInclude Include="..\..\lib\src\mongo\mongoc\mongoc-uri.h">
      <Filter>mongoc</Filter>
    </ClInclude>
    <ClInclude Include="..\..\lib\src\mongo\mongoc\mongoc-uri-private.h">
      <Filter>mongoc</Filter>
    </ClInclude>
    <ClInclude Include="..\..\lib\src\mongo\mongoc\mongoc-util-private.h">
      <Filter>mongoc</Filter>
    </ClInclude>
    <ClInclude Include="..\..\lib\src\mongo\mongoc\mongoc-version.h">
      <Filter>mongoc</Filter>
    </ClInclude>
    <ClInclude Include="..\..\lib\src\mongo\mongoc\mongoc-version-functions.h">
      <Filter>mongoc</Filter>
    </ClInclude>
    <ClInclude Include="..\..\lib\src\mongo\mongoc\mongoc-write-command-private.h">
      <Filter>mongoc</Filter>
    </ClInclude>
    <ClInclude Include="..\..\lib\src\mongo\mongoc\mongoc-write-concern.h">
      <Filter>mongoc</Filter>
    </ClInclude>
    <ClInclude Include="..\..\lib\src\mongo\mongoc\mongoc-write-concern-private.h">
      <Filter>mongoc</Filter>
    </ClInclude>
    <ClInclude Include="..\..\lib\src\mongo\mongoc\utlist.h">
      <Filter>mongoc</Filter>
    </ClInclude>
  </ItemGroup>
  <ItemGroup>
    <ClCompile Include="..\..\lib\src\mongo\libbson\bcon.c">
      <Filter>libbson</Filter>
    </ClCompile>
    <ClCompile Include="..\..\lib\src\mongo\libbson\bson.c">
      <Filter>libbson</Filter>
    </ClCompile>
    <ClCompile Include="..\..\lib\src\mongo\libbson\bson-atomic.c">
      <Filter>libbson</Filter>
    </ClCompile>
    <ClCompile Include="..\..\lib\src\mongo\libbson\bson-clock.c">
      <Filter>libbson</Filter>
    </ClCompile>
    <ClCompile Include="..\..\lib\src\mongo\libbson\bson-context.c">
      <Filter>libbson</Filter>
    </ClCompile>
    <ClCompile Include="..\..\lib\src\mongo\libbson\bson-decimal128.c">
      <Filter>libbson</Filter>
    </ClCompile>
    <ClCompile Include="..\..\lib\src\mongo\libbson\bson-error.c">
      <Filter>libbson</Filter>
    </ClCompile>
    <ClCompile Include="..\..\lib\src\mongo\libbson\bson-iso8601.c">
      <Filter>libbson</Filter>
    </ClCompile>
    <ClCompile Include="..\..\lib\src\mongo\libbson\bson-iter.c">
      <Filter>libbson</Filter>
    </ClCompile>
    <ClCompile Include="..\..\lib\src\mongo\libbson\bson-json.c">
      <Filter>libbson</Filter>
    </ClCompile>
    <ClCompile Include="..\..\lib\src\mongo\libbson\bson-keys.c">
      <Filter>libbson</Filter>
    </ClCompile>
    <ClCompile Include="..\..\lib\src\mongo\libbson\bson-md5.c">
      <Filter>libbson</Filter>
    </ClCompile>
    <ClCompile Include="..\..\lib\src\mongo\libbson\bson-memory.c">
      <Filter>libbson</Filter>
    </ClCompile>
    <ClCompile Include="..\..\lib\src\mongo\libbson\bson-oid.c">
      <Filter>libbson</Filter>
    </ClCompile>
    <ClCompile Include="..\..\lib\src\mongo\libbson\bson-reader.c">
      <Filter>libbson</Filter>
    </ClCompile>
    <ClCompile Include="..\..\lib\src\mongo\libbson\bson-string.c">
      <Filter>libbson</Filter>
    </ClCompile>
    <ClCompile Include="..\..\lib\src\mongo\libbson\bson-timegm.c">
      <Filter>libbson</Filter>
    </ClCompile>
    <ClCompile Include="..\..\lib\src\mongo\libbson\bson-utf8.c">
      <Filter>libbson</Filter>
    </ClCompile>
    <ClCompile Include="..\..\lib\src\mongo\libbson\bson-value.c">
      <Filter>libbson</Filter>
    </ClCompile>
    <ClCompile Include="..\..\lib\src\mongo\libbson\bson-version-functions.c">
      <Filter>libbson</Filter>
    </ClCompile>
    <ClCompile Include="..\..\lib\src\mongo\libbson\bson-writer.c">
      <Filter>libbson</Filter>
    </ClCompile>
    <ClCompile Include="..\..\lib\src\mongo\yajl\yajl.c">
      <Filter>yajl</Filter>
    </ClCompile>
    <ClCompile Include="..\..\lib\src\mongo\yajl\yajl_alloc.c">
      <Filter>yajl</Filter>
    </ClCompile>
    <ClCompile Include="..\..\lib\src\mongo\yajl\yajl_buf.c">
      <Filter>yajl</Filter>
    </ClCompile>
    <ClCompile Include="..\..\lib\src\mongo\yajl\yajl_encode.c">
      <Filter>yajl</Filter>
    </ClCompile>
    <ClCompile Include="..\..\lib\src\mongo\yajl\yajl_gen.c">
      <Filter>yajl</Filter>
    </ClCompile>
    <ClCompile Include="..\..\lib\src\mongo\yajl\yajl_lex.c">
      <Filter>yajl</Filter>
    </ClCompile>
    <ClCompile Include="..\..\lib\src\mongo\yajl\yajl_parser.c">
      <Filter>yajl</Filter>
    </ClCompile>
    <ClCompile Include="..\..\lib\src\mongo\yajl\yajl_tree.c">
      <Filter>yajl</Filter>
    </ClCompile>
    <ClCompile Include="..\..\lib\src\mongo\yajl\yajl_version.c">
      <Filter>yajl</Filter>
    </ClCompile>
    <ClCompile Include="..\..\lib\src\mongo\mongoc\mongoc-apm.c">
      <Filter>mongoc</Filter>
    </ClCompile>
    <ClCompile Include="..\..\lib\src\mongo\mongoc\mongoc-array.c">
      <Filter>mongoc</Filter>
    </ClCompile>
    <ClCompile Include="..\..\lib\src\mongo\mongoc\mongoc-async.c">
      <Filter>mongoc</Filter>
    </ClCompile>
    <ClCompile Include="..\..\lib\src\mongo\mongoc\mongoc-async-cmd.c">
      <Filter>mongoc</Filter>
    </ClCompile>
    <ClCompile Include="..\..\lib\src\mongo\mongoc\mongoc-b64.c">
      <Filter>mongoc</Filter>
    </ClCompile>
    <ClCompile Include="..\..\lib\src\mongo\mongoc\mongoc-buffer.c">
      <Filter>mongoc</Filter>
    </ClCompile>
    <ClCompile Include="..\..\lib\src\mongo\mongoc\mongoc-bulk-operation.c">
      <Filter>mongoc</Filter>
    </ClCompile>
    <ClCompile Include="..\..\lib\src\mongo\mongoc\mongoc-client.c">
      <Filter>mongoc</Filter>
    </ClCompile>
    <ClCompile Include="..\..\lib\src\mongo\mongoc\mongoc-client-pool.c">
      <Filter>mongoc</Filter>
    </ClCompile>
    <ClCompile Include="..\..\lib\src\mongo\mongoc\mongoc-cluster.c">
      <Filter>mongoc</Filter>
    </ClCompile>
    <ClCompile Include="..\..\lib\src\mongo\mongoc\mongoc-collection.c">
      <Filter>mongoc</Filter>
    </ClCompile>
    <ClCompile Include="..\..\lib\src\mongo\mongoc\mongoc-counters.c">
      <Filter>mongoc</Filter>
    </ClCompile>
    <ClCompile Include="..\..\lib\src\mongo\mongoc\mongoc-crypto.c">
      <Filter>mongoc</Filter>
    </ClCompile>
    <ClCompile Include="..\..\lib\src\mongo\mongoc\mongoc-crypto-cng.c">
      <Filter>mongoc</Filter>
    </ClCompile>
    <ClCompile Include="..\..\lib\src\mongo\mongoc\mongoc-crypto-common-crypto.c">
      <Filter>mongoc</Filter>
    </ClCompile>
    <ClCompile Include="..\..\lib\src\mongo\mongoc\mongoc-crypto-openssl.c">
      <Filter>mongoc</Filter>
    </ClCompile>
    <ClCompile Include="..\..\lib\src\mongo\mongoc\mongoc-cursor.c">
      <Filter>mongoc</Filter>
    </ClCompile>
    <ClCompile Include="..\..\lib\src\mongo\mongoc\mongoc-cursor-array.c">
      <Filter>mongoc</Filter>
    </ClCompile>
    <ClCompile Include="..\..\lib\src\mongo\mongoc\mongoc-cursor-cursorid.c">
      <Filter>mongoc</Filter>
    </ClCompile>
    <ClCompile Include="..\..\lib\src\mongo\mongoc\mongoc-cursor-transform.c">
      <Filter>mongoc</Filter>
    </ClCompile>
    <ClCompile Include="..\..\lib\src\mongo\mongoc\mongoc-database.c">
      <Filter>mongoc</Filter>
    </ClCompile>
    <ClCompile Include="..\..\lib\src\mongo\mongoc\mongoc-find-and-modify.c">
      <Filter>mongoc</Filter>
    </ClCompile>
    <ClCompile Include="..\..\lib\src\mongo\mongoc\mongoc-gridfs.c">
      <Filter>mongoc</Filter>
    </ClCompile>
    <ClCompile Include="..\..\lib\src\mongo\mongoc\mongoc-gridfs-file.c">
      <Filter>mongoc</Filter>
    </ClCompile>
    <ClCompile Include="..\..\lib\src\mongo\mongoc\mongoc-gridfs-file-list.c">
      <Filter>mongoc</Filter>
    </ClCompile>
    <ClCompile Include="..\..\lib\src\mongo\mongoc\mongoc-gridfs-file-page.c">
      <Filter>mongoc</Filter>
    </ClCompile>
    <ClCompile Include="..\..\lib\src\mongo\mongoc\mongoc-host-list.c">
      <Filter>mongoc</Filter>
    </ClCompile>
    <ClCompile Include="..\..\lib\src\mongo\mongoc\mongoc-index.c">
      <Filter>mongoc</Filter>
    </ClCompile>
    <ClCompile Include="..\..\lib\src\mongo\mongoc\mongoc-init.c">
      <Filter>mongoc</Filter>
    </ClCompile>
    <ClCompile Include="..\..\lib\src\mongo\mongoc\mongoc-list.c">
      <Filter>mongoc</Filter>
    </ClCompile>
    <ClCompile Include="..\..\lib\src\mongo\mongoc\mongoc-log.c">
      <Filter>mongoc</Filter>
    </ClCompile>
    <ClCompile Include="..\..\lib\src\mongo\mongoc\mongoc-matcher.c">
      <Filter>mongoc</Filter>
    </ClCompile>
    <ClCompile Include="..\..\lib\src\mongo\mongoc\mongoc-matcher-op.c">
      <Filter>mongoc</Filter>
    </ClCompile>
    <ClCompile Include="..\..\lib\src\mongo\mongoc\mongoc-memcmp.c">
      <Filter>mongoc</Filter>
    </ClCompile>
    <ClCompile Include="..\..\lib\src\mongo\mongoc\mongoc-opcode.c">
      <Filter>mongoc</Filter>
    </ClCompile>
    <ClCompile Include="..\..\lib\src\mongo\mongoc\mongoc-openssl.c">
      <Filter>mongoc</Filter>
    </ClCompile>
    <ClCompile Include="..\..\lib\src\mongo\mongoc\mongoc-queue.c">
      <Filter>mongoc</Filter>
    </ClCompile>
    <ClCompile Include="..\..\lib\src\mongo\mongoc\mongoc-rand.c">
      <Filter>mongoc</Filter>
    </ClCompile>
    <ClCompile Include="..\..\lib\src\mongo\mongoc\mongoc-rand-cng.c">
      <Filter>mongoc</Filter>
    </ClCompile>
    <ClCompile Include="..\..\lib\src\mongo\mongoc\mongoc-rand-common-crypto.c">
      <Filter>mongoc</Filter>
    </ClCompile>
    <ClCompile Include="..\..\lib\src\mongo\mongoc\mongoc-rand-openssl.c">
      <Filter>mongoc</Filter>
    </ClCompile>
    <ClCompile Include="..\..\lib\src\mongo\mongoc\mongoc-read-concern.c">
      <Filter>mongoc</Filter>
    </ClCompile>
    <ClCompile Include="..\..\lib\src\mongo\mongoc\mongoc-read-prefs.c">
      <Filter>mongoc</Filter>
    </ClCompile>
    <ClCompile Include="..\..\lib\src\mongo\mongoc\mongoc-rpc.c">
      <Filter>mongoc</Filter>
    </ClCompile>
    <ClCompile Include="..\..\lib\src\mongo\mongoc\mongoc-sasl.c">
      <Filter>mongoc</Filter>
    </ClCompile>
    <ClCompile Include="..\..\lib\src\mongo\mongoc\mongoc-scram.c">
      <Filter>mongoc</Filter>
    </ClCompile>
    <ClCompile Include="..\..\lib\src\mongo\mongoc\mongoc-secure-channel.c">
      <Filter>mongoc</Filter>
    </ClCompile>
    <ClCompile Include="..\..\lib\src\mongo\mongoc\mongoc-secure-transport.c">
      <Filter>mongoc</Filter>
    </ClCompile>
    <ClCompile Include="..\..\lib\src\mongo\mongoc\mongoc-server-description.c">
      <Filter>mongoc</Filter>
    </ClCompile>
    <ClCompile Include="..\..\lib\src\mongo\mongoc\mongoc-server-stream.c">
      <Filter>mongoc</Filter>
    </ClCompile>
    <ClCompile Include="..\..\lib\src\mongo\mongoc\mongoc-set.c">
      <Filter>mongoc</Filter>
    </ClCompile>
    <ClCompile Include="..\..\lib\src\mongo\mongoc\mongoc-socket.c">
      <Filter>mongoc</Filter>
    </ClCompile>
    <ClCompile Include="..\..\lib\src\mongo\mongoc\mongoc-ssl.c">
      <Filter>mongoc</Filter>
    </ClCompile>
    <ClCompile Include="..\..\lib\src\mongo\mongoc\mongoc-stream.c">
      <Filter>mongoc</Filter>
    </ClCompile>
    <ClCompile Include="..\..\lib\src\mongo\mongoc\mongoc-stream-buffered.c">
      <Filter>mongoc</Filter>
    </ClCompile>
    <ClCompile Include="..\..\lib\src\mongo\mongoc\mongoc-stream-file.c">
      <Filter>mongoc</Filter>
    </ClCompile>
    <ClCompile Include="..\..\lib\src\mongo\mongoc\mongoc-stream-gridfs.c">
      <Filter>mongoc</Filter>
    </ClCompile>
    <ClCompile Include="..\..\lib\src\mongo\mongoc\mongoc-stream-socket.c">
      <Filter>mongoc</Filter>
    </ClCompile>
    <ClCompile Include="..\..\lib\src\mongo\mongoc\mongoc-stream-tls.c">
      <Filter>mongoc</Filter>
    </ClCompile>
    <ClCompile Include="..\..\lib\src\mongo\mongoc\mongoc-stream-tls-openssl.c">
      <Filter>mongoc</Filter>
    </ClCompile>
    <ClCompile Include="..\..\lib\src\mongo\mongoc\mongoc-stream-tls-openssl-bio.c">
      <Filter>mongoc</Filter>
    </ClCompile>
    <ClCompile Include="..\..\lib\src\mongo\mongoc\mongoc-stream-tls-secure-channel.c">
      <Filter>mongoc</Filter>
    </ClCompile>
    <ClCompile Include="..\..\lib\src\mongo\mongoc\mongoc-stream-tls-secure-transport.c">
      <Filter>mongoc</Filter>
    </ClCompile>
    <ClCompile Include="..\..\lib\src\mongo\mongoc\mongoc-topology.c">
      <Filter>mongoc</Filter>
    </ClCompile>
    <ClCompile Include="..\..\lib\src\mongo\mongoc\mongoc-topology-description.c">
      <Filter>mongoc</Filter>
    </ClCompile>
    <ClCompile Include="..\..\lib\src\mongo\mongoc\mongoc-topology-scanner.c">
      <Filter>mongoc</Filter>
    </ClCompile>
    <ClCompile Include="..\..\lib\src\mongo\mongoc\mongoc-uri.c">
      <Filter>mongoc</Filter>
    </ClCompile>
    <ClCompile Include="..\..\lib\src\mongo\mongoc\mongoc-util.c">
      <Filter>mongoc</Filter>
    </ClCompile>
    <ClCompile Include="..\..\lib\src\mongo\mongoc\mongoc-version-functions.c">
      <Filter>mongoc</Filter>
    </ClCompile>
    <ClCompile Include="..\..\lib\src\mongo\mongoc\mongoc-write-command.c">
      <Filter>mongoc</Filter>
    </ClCompile>
    <ClCompile Include="..\..\lib\src\mongo\mongoc\mongoc-write-concern.c">
      <Filter>mongoc</Filter>
    </ClCompile>
  </ItemGroup>
</Project>